
Microsoft Visual Studio Solution File, Format Version 12.00
# Visual Studio Version 17
VisualStudioVersion = 17.3.32929.385
MinimumVisualStudioVersion = 10.0.40219.1
Project("{FAE04EC0-301F-11D3-BF4B-00C04F79EFBC}") = "AddressBook", "AddressBook.csproj", "{14EA4121-13C6-4CA1-8FF6-A6EAB83C10EB}"
EndProject
Global
	GlobalSection(SolutionConfigurationPlatforms) = preSolution
		Debug|Any CPU = Debug|Any CPU
		Release|Any CPU = Release|Any CPU
	EndGlobalSection
	GlobalSection(ProjectConfigurationPlatforms) = postSolution
		{14EA4121-13C6-4CA1-8FF6-A6EAB83C10EB}.Debug|Any CPU.ActiveCfg = Debug|Any CPU
		{14EA4121-13C6-4CA1-8FF6-A6EAB83C10EB}.Debug|Any CPU.Build.0 = Debug|Any CPU
		{14EA4121-13C6-4CA1-8FF6-A6EAB83C10EB}.Release|Any CPU.ActiveCfg = Release|Any CPU
		{14EA4121-13C6-4CA1-8FF6-A6EAB83C10EB}.Release|Any CPU.Build.0 = Release|Any CPU
	EndGlobalSection
	GlobalSection(SolutionProperties) = preSolution
		HideSolutionNode = FALSE
	EndGlobalSection
	GlobalSection(ExtensibilityGlobals) = postSolution
		SolutionGuid = {A6AB082E-1973-42B4-9469-BF8E6DA64F90}
	EndGlobalSection
EndGlobal
